
Microsoft Visual Studio Solution File, Format Version 12.00
# Visual Studio Version 17
VisualStudioVersion = 17.7.34221.43
MinimumVisualStudioVersion = 10.0.40219.1
Project("{FAE04EC0-301F-11D3-BF4B-00C04F79EFBC}") = "WealthTracker.Library", "WealthTracker.Library\WealthTracker.Library.csproj", "{83E20438-BD40-4CC4-A1F3-ED5DB909C445}"
EndProject
Project("{FAE04EC0-301F-11D3-BF4B-00C04F79EFBC}") = "WealthTracker.Views", "WealthTracker.Views\WealthTracker.Views.csproj", "{E288B427-9C47-4F2D-AD30-CFAD98C30DAD}"
EndProject
Global
	GlobalSection(SolutionConfigurationPlatforms) = preSolution
		Debug|Any CPU = Debug|Any CPU
		Release|Any CPU = Release|Any CPU
	EndGlobalSection
	GlobalSection(ProjectConfigurationPlatforms) = postSolution
		{83E20438-BD40-4CC4-A1F3-ED5DB909C445}.Debug|Any CPU.ActiveCfg = Debug|Any CPU
		{83E20438-BD40-4CC4-A1F3-ED5DB909C445}.Debug|Any CPU.Build.0 = Debug|Any CPU
		{83E20438-BD40-4CC4-A1F3-ED5DB909C445}.Release|Any CPU.ActiveCfg = Release|Any CPU
		{83E20438-BD40-4CC4-A1F3-ED5DB909C445}.Release|Any CPU.Build.0 = Release|Any CPU
		{E288B427-9C47-4F2D-AD30-CFAD98C30DAD}.Debug|Any CPU.ActiveCfg = Debug|Any CPU
		{E288B427-9C47-4F2D-AD30-CFAD98C30DAD}.Debug|Any CPU.Build.0 = Debug|Any CPU
		{E288B427-9C47-4F2D-AD30-CFAD98C30DAD}.Release|Any CPU.ActiveCfg = Release|Any CPU
		{E288B427-9C47-4F2D-AD30-CFAD98C30DAD}.Release|Any CPU.Build.0 = Release|Any CPU
	EndGlobalSection
	GlobalSection(SolutionProperties) = preSolution
		HideSolutionNode = FALSE
	EndGlobalSection
	GlobalSection(ExtensibilityGlobals) = postSolution
		SolutionGuid = {9A5C0ABA-821F-467A-A369-AC53C1F1CD69}
	EndGlobalSection
EndGlobal
